
Microsoft Visual Studio Solution File, Format Version 12.00
# Visual Studio Version 17
VisualStudioVersion = 17.5.33530.505
MinimumVisualStudioVersion = 10.0.40219.1
Project("{FAE04EC0-301F-11D3-BF4B-00C04F79EFBC}") = "ComboBox", "ComboBox\ComboBox.csproj", "{FCE7558D-BB87-43C2-B2E8-983ECB10DB63}"
EndProject
Project("{FAE04EC0-301F-11D3-BF4B-00C04F79EFBC}") = "DemoLibrary", "DemoLibrary\DemoLibrary.csproj", "{B73E937A-5DB1-4733-B371-E5EA3CA42C68}"
EndProject
Global
	GlobalSection(SolutionConfigurationPlatforms) = preSolution
		Debug|Any CPU = Debug|Any CPU
		Release|Any CPU = Release|Any CPU
	EndGlobalSection
	GlobalSection(ProjectConfigurationPlatforms) = postSolution
		{FCE7558D-BB87-43C2-B2E8-983ECB10DB63}.Debug|Any CPU.ActiveCfg = Debug|Any CPU
		{FCE7558D-BB87-43C2-B2E8-983ECB10DB63}.Debug|Any CPU.Build.0 = Debug|Any CPU
		{FCE7558D-BB87-43C2-B2E8-983ECB10DB63}.Release|Any CPU.ActiveCfg = Release|Any CPU
		{FCE7558D-BB87-43C2-B2E8-983ECB10DB63}.Release|Any CPU.Build.0 = Release|Any CPU
		{B73E937A-5DB1-4733-B371-E5EA3CA42C68}.Debug|Any CPU.ActiveCfg = Debug|Any CPU
		{B73E937A-5DB1-4733-B371-E5EA3CA42C68}.Debug|Any CPU.Build.0 = Debug|Any CPU
		{B73E937A-5DB1-4733-B371-E5EA3CA42C68}.Release|Any CPU.ActiveCfg = Release|Any CPU
		{B73E937A-5DB1-4733-B371-E5EA3CA42C68}.Release|Any CPU.Build.0 = Release|Any CPU
	EndGlobalSection
	GlobalSection(SolutionProperties) = preSolution
		HideSolutionNode = FALSE
	EndGlobalSection
	GlobalSection(ExtensibilityGlobals) = postSolution
		SolutionGuid = {92271E26-E7BB-4367-8ED0-DC696C4EC740}
	EndGlobalSection
EndGlobal
