
Microsoft Visual Studio Solution File, Format Version 12.00
# Visual Studio Version 17
VisualStudioVersion = 17.5.33530.505
MinimumVisualStudioVersion = 10.0.40219.1
Project("{FAE04EC0-301F-11D3-BF4B-00C04F79EFBC}") = "GUI", "GUI\GUI.csproj", "{A0D98E95-1C77-4C5F-BF68-907CDD47C502}"
EndProject
Project("{FAE04EC0-301F-11D3-BF4B-00C04F79EFBC}") = "SqlDataManager", "SqlDataManager\SqlDataManager.csproj", "{1F2DD44E-02A5-4E52-AB4B-8928D3624BE2}"
EndProject
Project("{00D1A9C2-B5F0-4AF3-8072-F6C62B433612}") = "Database", "Database\Database.sqlproj", "{4CEEECBE-DBF9-467C-ABB2-9CA87868CB68}"
EndProject
Project("{FAE04EC0-301F-11D3-BF4B-00C04F79EFBC}") = "DataLibrary", "DataLibrary\DataLibrary.csproj", "{179EDF59-1247-4FAA-9079-FD6E26C294BA}"
EndProject
Global
	GlobalSection(SolutionConfigurationPlatforms) = preSolution
		Debug|Any CPU = Debug|Any CPU
		Release|Any CPU = Release|Any CPU
	EndGlobalSection
	GlobalSection(ProjectConfigurationPlatforms) = postSolution
		{A0D98E95-1C77-4C5F-BF68-907CDD47C502}.Debug|Any CPU.ActiveCfg = Debug|Any CPU
		{A0D98E95-1C77-4C5F-BF68-907CDD47C502}.Debug|Any CPU.Build.0 = Debug|Any CPU
		{A0D98E95-1C77-4C5F-BF68-907CDD47C502}.Release|Any CPU.ActiveCfg = Release|Any CPU
		{A0D98E95-1C77-4C5F-BF68-907CDD47C502}.Release|Any CPU.Build.0 = Release|Any CPU
		{1F2DD44E-02A5-4E52-AB4B-8928D3624BE2}.Debug|Any CPU.ActiveCfg = Debug|Any CPU
		{1F2DD44E-02A5-4E52-AB4B-8928D3624BE2}.Debug|Any CPU.Build.0 = Debug|Any CPU
		{1F2DD44E-02A5-4E52-AB4B-8928D3624BE2}.Release|Any CPU.ActiveCfg = Release|Any CPU
		{1F2DD44E-02A5-4E52-AB4B-8928D3624BE2}.Release|Any CPU.Build.0 = Release|Any CPU
		{4CEEECBE-DBF9-467C-ABB2-9CA87868CB68}.Debug|Any CPU.ActiveCfg = Debug|Any CPU
		{4CEEECBE-DBF9-467C-ABB2-9CA87868CB68}.Debug|Any CPU.Build.0 = Debug|Any CPU
		{4CEEECBE-DBF9-467C-ABB2-9CA87868CB68}.Debug|Any CPU.Deploy.0 = Debug|Any CPU
		{4CEEECBE-DBF9-467C-ABB2-9CA87868CB68}.Release|Any CPU.ActiveCfg = Release|Any CPU
		{4CEEECBE-DBF9-467C-ABB2-9CA87868CB68}.Release|Any CPU.Build.0 = Release|Any CPU
		{4CEEECBE-DBF9-467C-ABB2-9CA87868CB68}.Release|Any CPU.Deploy.0 = Release|Any CPU
		{179EDF59-1247-4FAA-9079-FD6E26C294BA}.Debug|Any CPU.ActiveCfg = Debug|Any CPU
		{179EDF59-1247-4FAA-9079-FD6E26C294BA}.Debug|Any CPU.Build.0 = Debug|Any CPU
		{179EDF59-1247-4FAA-9079-FD6E26C294BA}.Release|Any CPU.ActiveCfg = Release|Any CPU
		{179EDF59-1247-4FAA-9079-FD6E26C294BA}.Release|Any CPU.Build.0 = Release|Any CPU
	EndGlobalSection
	GlobalSection(SolutionProperties) = preSolution
		HideSolutionNode = FALSE
	EndGlobalSection
	GlobalSection(ExtensibilityGlobals) = postSolution
		SolutionGuid = {9963684A-D237-4967-85CC-3721F080A538}
	EndGlobalSection
EndGlobal
